{
  "name": "exercises",
  "lockfileVersion": 3,
  "requires": true,
  "packages": {
    "": {
      "devDependencies": {
        "@types/node": "^20.8.10"
      }
    },
    "node_modules/@types/node": {
      "version": "20.8.10",
      "resolved": "https://lht.app.lufthansa.com/artifactory/api/npm/npm-repos/@types/node/-/node-20.8.10.tgz",
      "integrity": "sha1-pUSLiVx1OukpwmzoXKtVfG1KNl4=",
      "dev": true,
      "license": "MIT",
      "dependencies": {
        "undici-types": "~5.26.4"
      }
    },
    "node_modules/undici-types": {
      "version": "5.26.5",
      "resolved": "https://lht.app.lufthansa.com/artifactory/api/npm/npm-repos/undici-types/-/undici-types-5.26.5.tgz",
      "integrity": "sha1-vNU5iT0AtW6WT9JlekhmsiGmVhc=",
      "dev": true,
      "license": "MIT"
    }
  }
}
